
Microsoft Visual Studio Solution File, Format Version 12.00
# Visual Studio 15
VisualStudioVersion = 15.0.28010.2041
MinimumVisualStudioVersion = 10.0.40219.1
Project("{FAE04EC0-301F-11D3-BF4B-00C04F79EFBC}") = "AssemblyManifestTest", "AssemblyManifestTest\AssemblyManifestTest.csproj", "{360330A7-9BCC-4CC8-86A4-755A066F2D62}"
EndProject
Global
	GlobalSection(SolutionConfigurationPlatforms) = preSolution
		Debug|Any CPU = Debug|Any CPU
		Release|Any CPU = Release|Any CPU
	EndGlobalSection
	GlobalSection(ProjectConfigurationPlatforms) = postSolution
		{360330A7-9BCC-4CC8-86A4-755A066F2D62}.Debug|Any CPU.ActiveCfg = Debug|Any CPU
		{360330A7-9BCC-4CC8-86A4-755A066F2D62}.Debug|Any CPU.Build.0 = Debug|Any CPU
		{360330A7-9BCC-4CC8-86A4-755A066F2D62}.Release|Any CPU.ActiveCfg = Release|Any CPU
		{360330A7-9BCC-4CC8-86A4-755A066F2D62}.Release|Any CPU.Build.0 = Release|Any CPU
	EndGlobalSection
	GlobalSection(SolutionProperties) = preSolution
		HideSolutionNode = FALSE
	EndGlobalSection
	GlobalSection(ExtensibilityGlobals) = postSolution
		SolutionGuid = {435D7CD7-6E8C-4B50-9E3A-F47252EEFA47}
	EndGlobalSection
EndGlobal
